// !$*UTF8*$!
{
	archiveVersion = 1;
	classes = {
	};
	objectVersion = 46;
	objects = {

/* Begin PBXBuildFile section */
		0B091E3618CF5E5800C93391 /* Foundation.framework in Frameworks */ = {isa = PBXBuildFile; fileRef = 0B091E3518CF5E5800C93391 /* Foundation.framework */; };
		0B091E3818CF5E5800C93391 /* CoreGraphics.framework in Frameworks */ = {isa = PBXBuildFile; fileRef = 0B091E3718CF5E5800C93391 /* CoreGraphics.framework */; };
		0B091E3A18CF5E5800C93391 /* UIKit.framework in Frameworks */ = {isa = PBXBuildFile; fileRef = 0B091E3918CF5E5800C93391 /* UIKit.framework */; };
		0B091E4018CF5E5800C93391 /* InfoPlist.strings in Resources */ = {isa = PBXBuildFile; fileRef = 0B091E3E18CF5E5800C93391 /* InfoPlist.strings */; };
		0B091E4218CF5E5800C93391 /* main.m in Sources */ = {isa = PBXBuildFile; fileRef = 0B091E4118CF5E5800C93391 /* main.m */; };
		0B091E4618CF5E5800C93391 /* AppDelegate.m in Sources */ = {isa = PBXBuildFile; fileRef = 0B091E4518CF5E5800C93391 /* AppDelegate.m */; };
		0B091E4918CF5E5800C93391 /* Main.storyboard in Resources */ = {isa = PBXBuildFile; fileRef = 0B091E4718CF5E5800C93391 /* Main.storyboard */; };
		0B091E4C18CF5E5800C93391 /* FirstViewController.m in Sources */ = {isa = PBXBuildFile; fileRef = 0B091E4B18CF5E5800C93391 /* FirstViewController.m */; };
		0B091E4F18CF5E5800C93391 /* SecondViewController.m in Sources */ = {isa = PBXBuildFile; fileRef = 0B091E4E18CF5E5800C93391 /* SecondViewController.m */; };
		0B091E5118CF5E5800C93391 /* Images.xcassets in Resources */ = {isa = PBXBuildFile; fileRef = 0B091E5018CF5E5800C93391 /* Images.xcassets */; };
		0B091E5818CF5E5800C93391 /* XCTest.framework in Frameworks */ = {isa = PBXBuildFile; fileRef = 0B091E5718CF5E5800C93391 /* XCTest.framework */; };
		0B091E5918CF5E5800C93391 /* Foundation.framework in Frameworks */ = {isa = PBXBuildFile; fileRef = 0B091E3518CF5E5800C93391 /* Foundation.framework */; };
		0B091E5A18CF5E5800C93391 /* UIKit.framework in Frameworks */ = {isa = PBXBuildFile; fileRef = 0B091E3918CF5E5800C93391 /* UIKit.framework */; };
		0B091E6218CF5E5800C93391 /* InfoPlist.strings in Resources */ = {isa = PBXBuildFile; fileRef = 0B091E6018CF5E5800C93391 /* InfoPlist.strings */; };
		0B091E6418CF5E5800C93391 /* KotsuhiCalculatorTests.m in Sources */ = {isa = PBXBuildFile; fileRef = 0B091E6318CF5E5800C93391 /* KotsuhiCalculatorTests.m */; };
/* End PBXBuildFile section */

/* Begin PBXContainerItemProxy section */
		0B091E5B18CF5E5800C93391 /* PBXContainerItemProxy */ = {
			isa = PBXContainerItemProxy;
			containerPortal = 0B091E2A18CF5E5800C93391 /* Project object */;
			proxyType = 1;
			remoteGlobalIDString = 0B091E3118CF5E5800C93391;
			remoteInfo = KotsuhiCalculator;
		};
/* End PBXContainerItemProxy section */

/* Begin PBXFileReference section */
		0B091E3218CF5E5800C93391 /* KotsuhiCalculator.app */ = {isa = PBXFileReference; explicitFileType = wrapper.application; includeInIndex = 0; path = KotsuhiCalculator.app; sourceTree = BUILT_PRODUCTS_DIR; };
		0B091E3518CF5E5800C93391 /* Foundation.framework */ = {isa = PBXFileReference; lastKnownFileType = wrapper.framework; name = Foundation.framework; path = System/Library/Frameworks/Foundation.framework; sourceTree = SDKROOT; };
		0B091E3718CF5E5800C93391 /* CoreGraphics.framework */ = {isa = PBXFileReference; lastKnownFileType = wrapper.framework; name = CoreGraphics.framework; path = System/Library/Frameworks/CoreGraphics.framework; sourceTree = SDKROOT; };
		0B091E3918CF5E5800C93391 /* UIKit.framework */ = {isa = PBXFileReference; lastKnownFileType = wrapper.framework; name = UIKit.framework; path = System/Library/Frameworks/UIKit.framework; sourceTree = SDKROOT; };
		0B091E3D18CF5E5800C93391 /* KotsuhiCalculator-Info.plist */ = {isa = PBXFileReference; lastKnownFileType = text.plist.xml; path = "KotsuhiCalculator-Info.plist"; sourceTree = "<group>"; };
		0B091E3F18CF5E5800C93391 /* en */ = {isa = PBXFileReference; lastKnownFileType = text.plist.strings; name = en; path = en.lproj/InfoPlist.strings; sourceTree = "<group>"; };
		0B091E4118CF5E5800C93391 /* main.m */ = {isa = PBXFileReference; lastKnownFileType = sourcecode.c.objc; path = main.m; sourceTree = "<group>"; };
		0B091E4318CF5E5800C93391 /* KotsuhiCalculator-Prefix.pch */ = {isa = PBXFileReference; lastKnownFileType = sourcecode.c.h; path = "KotsuhiCalculator-Prefix.pch"; sourceTree = "<group>"; };
		0B091E4418CF5E5800C93391 /* AppDelegate.h */ = {isa = PBXFileReference; lastKnownFileType = sourcecode.c.h; path = AppDelegate.h; sourceTree = "<group>"; };
		0B091E4518CF5E5800C93391 /* AppDelegate.m */ = {isa = PBXFileReference; lastKnownFileType = sourcecode.c.objc; path = AppDelegate.m; sourceTree = "<group>"; };
		0B091E4818CF5E5800C93391 /* Base */ = {isa = PBXFileReference; lastKnownFileType = file.storyboard; name = Base; path = Base.lproj/Main.storyboard; sourceTree = "<group>"; };
		0B091E4A18CF5E5800C93391 /* FirstViewController.h */ = {isa = PBXFileReference; lastKnownFileType = sourcecode.c.h; path = FirstViewController.h; sourceTree = "<group>"; };
		0B091E4B18CF5E5800C93391 /* FirstViewController.m */ = {isa = PBXFileReference; lastKnownFileType = sourcecode.c.objc; path = FirstViewController.m; sourceTree = "<group>"; };
		0B091E4D18CF5E5800C93391 /* SecondViewController.h */ = {isa = PBXFileReference; lastKnownFileType = sourcecode.c.h; path = SecondViewController.h; sourceTree = "<group>"; };
		0B091E4E18CF5E5800C93391 /* SecondViewController.m */ = {isa = PBXFileReference; lastKnownFileType = sourcecode.c.objc; path = SecondViewController.m; sourceTree = "<group>"; };
		0B091E5018CF5E5800C93391 /* Images.xcassets */ = {isa = PBXFileReference; lastKnownFileType = folder.assetcatalog; path = Images.xcassets; sourceTree = "<group>"; };
		0B091E5618CF5E5800C93391 /* KotsuhiCalculatorTests.xctest */ = {isa = PBXFileReference; explicitFileType = wrapper.cfbundle; includeInIndex = 0; path = KotsuhiCalculatorTests.xctest; sourceTree = BUILT_PRODUCTS_DIR; };
		0B091E5718CF5E5800C93391 /* XCTest.framework */ = {isa = PBXFileReference; lastKnownFileType = wrapper.framework; name = XCTest.framework; path = Library/Frameworks/XCTest.framework; sourceTree = DEVELOPER_DIR; };
		0B091E5F18CF5E5800C93391 /* KotsuhiCalculatorTests-Info.plist */ = {isa = PBXFileReference; lastKnownFileType = text.plist.xml; path = "KotsuhiCalculatorTests-Info.plist"; sourceTree = "<group>"; };
		0B091E6118CF5E5800C93391 /* en */ = {isa = PBXFileReference; lastKnownFileType = text.plist.strings; name = en; path = en.lproj/InfoPlist.strings; sourceTree = "<group>"; };
		0B091E6318CF5E5800C93391 /* KotsuhiCalculatorTests.m */ = {isa = PBXFileReference; lastKnownFileType = sourcecode.c.objc; path = KotsuhiCalculatorTests.m; sourceTree = "<group>"; };
/* End PBXFileReference section */

/* Begin PBXFrameworksBuildPhase section */
		0B091E2F18CF5E5800C93391 /* Frameworks */ = {
			isa = PBXFrameworksBuildPhase;
			buildActionMask = 2147483647;
			files = (
				0B091E3818CF5E5800C93391 /* CoreGraphics.framework in Frameworks */,
				0B091E3A18CF5E5800C93391 /* UIKit.framework in Frameworks */,
				0B091E3618CF5E5800C93391 /* Foundation.framework in Frameworks */,
			);
			runOnlyForDeploymentPostprocessing = 0;
		};
		0B091E5318CF5E5800C93391 /* Frameworks */ = {
			isa = PBXFrameworksBuildPhase;
			buildActionMask = 2147483647;
			files = (
				0B091E5818CF5E5800C93391 /* XCTest.framework in Frameworks */,
				0B091E5A18CF5E5800C93391 /* UIKit.framework in Frameworks */,
				0B091E5918CF5E5800C93391 /* Foundation.framework in Frameworks */,
			);
			runOnlyForDeploymentPostprocessing = 0;
		};
/* End PBXFrameworksBuildPhase section */

/* Begin PBXGroup section */
		0B091E2918CF5E5800C93391 = {
			isa = PBXGroup;
			children = (
				0B091E3B18CF5E5800C93391 /* KotsuhiCalculator */,
				0B091E5D18CF5E5800C93391 /* KotsuhiCalculatorTests */,
				0B091E3418CF5E5800C93391 /* Frameworks */,
				0B091E3318CF5E5800C93391 /* Products */,
			);
			sourceTree = "<group>";
		};
		0B091E3318CF5E5800C93391 /* Products */ = {
			isa = PBXGroup;
			children = (
				0B091E3218CF5E5800C93391 /* KotsuhiCalculator.app */,
				0B091E5618CF5E5800C93391 /* KotsuhiCalculatorTests.xctest */,
			);
			name = Products;
			sourceTree = "<group>";
		};
		0B091E3418CF5E5800C93391 /* Frameworks */ = {
			isa = PBXGroup;
			children = (
				0B091E3518CF5E5800C93391 /* Foundation.framework */,
				0B091E3718CF5E5800C93391 /* CoreGraphics.framework */,
				0B091E3918CF5E5800C93391 /* UIKit.framework */,
				0B091E5718CF5E5800C93391 /* XCTest.framework */,
			);
			name = Frameworks;
			sourceTree = "<group>";
		};
		0B091E3B18CF5E5800C93391 /* KotsuhiCalculator */ = {
			isa = PBXGroup;
			children = (
				0B091E4418CF5E5800C93391 /* AppDelegate.h */,
				0B091E4518CF5E5800C93391 /* AppDelegate.m */,
				0B091E4718CF5E5800C93391 /* Main.storyboard */,
				0B091E4A18CF5E5800C93391 /* FirstViewController.h */,
				0B091E4B18CF5E5800C93391 /* FirstViewController.m */,
				0B091E4D18CF5E5800C93391 /* SecondViewController.h */,
				0B091E4E18CF5E5800C93391 /* SecondViewController.m */,
				0B091E5018CF5E5800C93391 /* Images.xcassets */,
				0B091E3C18CF5E5800C93391 /* Supporting Files */,
			);
			path = KotsuhiCalculator;
			sourceTree = "<group>";
		};
		0B091E3C18CF5E5800C93391 /* Supporting Files */ = {
			isa = PBXGroup;
			children = (
				0B091E3D18CF5E5800C93391 /* KotsuhiCalculator-Info.plist */,
				0B091E3E18CF5E5800C93391 /* InfoPlist.strings */,
				0B091E4118CF5E5800C93391 /* main.m */,
				0B091E4318CF5E5800C93391 /* KotsuhiCalculator-Prefix.pch */,
			);
			name = "Supporting Files";
			sourceTree = "<group>";
		};
		0B091E5D18CF5E5800C93391 /* KotsuhiCalculatorTests */ = {
			isa = PBXGroup;
			children = (
				0B091E6318CF5E5800C93391 /* KotsuhiCalculatorTests.m */,
				0B091E5E18CF5E5800C93391 /* Supporting Files */,
			);
			path = KotsuhiCalculatorTests;
			sourceTree = "<group>";
		};
		0B091E5E18CF5E5800C93391 /* Supporting Files */ = {
			isa = PBXGroup;
			children = (
				0B091E5F18CF5E5800C93391 /* KotsuhiCalculatorTests-Info.plist */,
				0B091E6018CF5E5800C93391 /* InfoPlist.strings */,
			);
			name = "Supporting Files";
			sourceTree = "<group>";
		};
/* End PBXGroup section */

/* Begin PBXNativeTarget section */
		0B091E3118CF5E5800C93391 /* KotsuhiCalculator */ = {
			isa = PBXNativeTarget;
			buildConfigurationList = 0B091E6718CF5E5800C93391 /* Build configuration list for PBXNativeTarget "KotsuhiCalculator" */;
			buildPhases = (
				0B091E2E18CF5E5800C93391 /* Sources */,
				0B091E2F18CF5E5800C93391 /* Frameworks */,
				0B091E3018CF5E5800C93391 /* Resources */,
			);
			buildRules = (
			);
			dependencies = (
			);
			name = KotsuhiCalculator;
			productName = KotsuhiCalculator;
			productReference = 0B091E3218CF5E5800C93391 /* KotsuhiCalculator.app */;
			productType = "com.apple.product-type.application";
		};
		0B091E5518CF5E5800C93391 /* KotsuhiCalculatorTests */ = {
			isa = PBXNativeTarget;
			buildConfigurationList = 0B091E6A18CF5E5800C93391 /* Build configuration list for PBXNativeTarget "KotsuhiCalculatorTests" */;
			buildPhases = (
				0B091E5218CF5E5800C93391 /* Sources */,
				0B091E5318CF5E5800C93391 /* Frameworks */,
				0B091E5418CF5E5800C93391 /* Resources */,
			);
			buildRules = (
			);
			dependencies = (
				0B091E5C18CF5E5800C93391 /* PBXTargetDependency */,
			);
			name = KotsuhiCalculatorTests;
			productName = KotsuhiCalculatorTests;
			productReference = 0B091E5618CF5E5800C93391 /* KotsuhiCalculatorTests.xctest */;
			productType = "com.apple.product-type.bundle.unit-test";
		};
/* End PBXNativeTarget section */

/* Begin PBXProject section */
		0B091E2A18CF5E5800C93391 /* Project object */ = {
			isa = PBXProject;
			attributes = {
				LastUpgradeCheck = 0500;
				ORGANIZATIONNAME = "Tatsuo Fujiwara";
				TargetAttributes = {
					0B091E5518CF5E5800C93391 = {
						TestTargetID = 0B091E3118CF5E5800C93391;
					};
				};
			};
			buildConfigurationList = 0B091E2D18CF5E5800C93391 /* Build configuration list for PBXProject "KotsuhiCalculator" */;
			compatibilityVersion = "Xcode 3.2";
			developmentRegion = English;
			hasScannedForEncodings = 0;
			knownRegions = (
				en,
				Base,
			);
			mainGroup = 0B091E2918CF5E5800C93391;
			productRefGroup = 0B091E3318CF5E5800C93391 /* Products */;
			projectDirPath = "";
			projectRoot = "";
			targets = (
				0B091E3118CF5E5800C93391 /* KotsuhiCalculator */,
				0B091E5518CF5E5800C93391 /* KotsuhiCalculatorTests */,
			);
		};
/* End PBXProject section */

/* Begin PBXResourcesBuildPhase section */
		0B091E3018CF5E5800C93391 /* Resources */ = {
			isa = PBXResourcesBuildPhase;
			buildActionMask = 2147483647;
			files = (
				0B091E5118CF5E5800C93391 /* Images.xcassets in Resources */,
				0B091E4018CF5E5800C93391 /* InfoPlist.strings in Resources */,
				0B091E4918CF5E5800C93391 /* Main.storyboard in Resources */,
			);
			runOnlyForDeploymentPostprocessing = 0;
		};
		0B091E5418CF5E5800C93391 /* Resources */ = {
			isa = PBXResourcesBuildPhase;
			buildActionMask = 2147483647;
			files = (
				0B091E6218CF5E5800C93391 /* InfoPlist.strings in Resources */,
			);
			runOnlyForDeploymentPostprocessing = 0;
		};
/* End PBXResourcesBuildPhase section */

/* Begin PBXSourcesBuildPhase section */
		0B091E2E18CF5E5800C93391 /* Sources */ = {
			isa = PBXSourcesBuildPhase;
			buildActionMask = 2147483647;
			files = (
				0B091E4F18CF5E5800C93391 /* SecondViewController.m in Sources */,
				0B091E4618CF5E5800C93391 /* AppDelegate.m in Sources */,
				0B091E4C18CF5E5800C93391 /* FirstViewController.m in Sources */,
				0B091E4218CF5E5800C93391 /* main.m in Sources */,
			);
			runOnlyForDeploymentPostprocessing = 0;
		};
		0B091E5218CF5E5800C93391 /* Sources */ = {
			isa = PBXSourcesBuildPhase;
			buildActionMask = 2147483647;
			files = (
				0B091E6418CF5E5800C93391 /* KotsuhiCalculatorTests.m in Sources */,
			);
			runOnlyForDeploymentPostprocessing = 0;
		};
/* End PBXSourcesBuildPhase section */

/* Begin PBXTargetDependency section */
		0B091E5C18CF5E5800C93391 /* PBXTargetDependency */ = {
			isa = PBXTargetDependency;
			target = 0B091E3118CF5E5800C93391 /* KotsuhiCalculator */;
			targetProxy = 0B091E5B18CF5E5800C93391 /* PBXContainerItemProxy */;
		};
/* End PBXTargetDependency section */

/* Begin PBXVariantGroup section */
		0B091E3E18CF5E5800C93391 /* InfoPlist.strings */ = {
			isa = PBXVariantGroup;
			children = (
				0B091E3F18CF5E5800C93391 /* en */,
			);
			name = InfoPlist.strings;
			sourceTree = "<group>";
		};
		0B091E4718CF5E5800C93391 /* Main.storyboard */ = {
			isa = PBXVariantGroup;
			children = (
				0B091E4818CF5E5800C93391 /* Base */,
			);
			name = Main.storyboard;
			sourceTree = "<group>";
		};
		0B091E6018CF5E5800C93391 /* InfoPlist.strings */ = {
			isa = PBXVariantGroup;
			children = (
				0B091E6118CF5E5800C93391 /* en */,
			);
			name = InfoPlist.strings;
			sourceTree = "<group>";
		};
/* End PBXVariantGroup section */

/* Begin XCBuildConfiguration section */
		0B091E6518CF5E5800C93391 /* Debug */ = {
			isa = XCBuildConfiguration;
			buildSettings = {
				ALWAYS_SEARCH_USER_PATHS = NO;
				ARCHS = "$(ARCHS_STANDARD_INCLUDING_64_BIT)";
				CLANG_CXX_LANGUAGE_STANDARD = "gnu++0x";
				CLANG_CXX_LIBRARY = "libc++";
				CLANG_ENABLE_MODULES = YES;
				CLANG_ENABLE_OBJC_ARC = YES;
				CLANG_WARN_BOOL_CONVERSION = YES;
				CLANG_WARN_CONSTANT_CONVERSION = YES;
				CLANG_WARN_DIRECT_OBJC_ISA_USAGE = YES_ERROR;
				CLANG_WARN_EMPTY_BODY = YES;
				CLANG_WARN_ENUM_CONVERSION = YES;
				CLANG_WARN_INT_CONVERSION = YES;
				CLANG_WARN_OBJC_ROOT_CLASS = YES_ERROR;
				CLANG_WARN__DUPLICATE_METHOD_MATCH = YES;
				"CODE_SIGN_IDENTITY[sdk=iphoneos*]" = "iPhone Developer";
				COPY_PHASE_STRIP = NO;
				GCC_C_LANGUAGE_STANDARD = gnu99;
				GCC_DYNAMIC_NO_PIC = NO;
				GCC_OPTIMIZATION_LEVEL = 0;
				GCC_PREPROCESSOR_DEFINITIONS = (
					"DEBUG=1",
					"$(inherited)",
				);
				GCC_SYMBOLS_PRIVATE_EXTERN = NO;
				GCC_WARN_64_TO_32_BIT_CONVERSION = YES;
				GCC_WARN_ABOUT_RETURN_TYPE = YES_ERROR;
				GCC_WARN_UNDECLARED_SELECTOR = YES;
				GCC_WARN_UNINITIALIZED_AUTOS = YES;
				GCC_WARN_UNUSED_FUNCTION = YES;
				GCC_WARN_UNUSED_VARIABLE = YES;
				IPHONEOS_DEPLOYMENT_TARGET = 7.0;
				ONLY_ACTIVE_ARCH = YES;
				SDKROOT = iphoneos;
			};
			name = Debug;
		};
		0B091E6618CF5E5800C93391 /* Release */ = {
			isa = XCBuildConfiguration;
			buildSettings = {
				ALWAYS_SEARCH_USER_PATHS = NO;
				ARCHS = "$(ARCHS_STANDARD_INCLUDING_64_BIT)";
				CLANG_CXX_LANGUAGE_STANDARD = "gnu++0x";
				CLANG_CXX_LIBRARY = "libc++";
				CLANG_ENABLE_MODULES = YES;
				CLANG_ENABLE_OBJC_ARC = YES;
				CLANG_WARN_BOOL_CONVERSION = YES;
				CLANG_WARN_CONSTANT_CONVERSION = YES;
				CLANG_WARN_DIRECT_OBJC_ISA_USAGE = YES_ERROR;
				CLANG_WARN_EMPTY_BODY = YES;
				CLANG_WARN_ENUM_CONVERSION = YES;
				CLANG_WARN_INT_CONVERSION = YES;
				CLANG_WARN_OBJC_ROOT_CLASS = YES_ERROR;
				CLANG_WARN__DUPLICATE_METHOD_MATCH = YES;
				"CODE_SIGN_IDENTITY[sdk=iphoneos*]" = "iPhone Developer";
				COPY_PHASE_STRIP = YES;
				ENABLE_NS_ASSERTIONS = NO;
				GCC_C_LANGUAGE_STANDARD = gnu99;
				GCC_WARN_64_TO_32_BIT_CONVERSION = YES;
				GCC_WARN_ABOUT_RETURN_TYPE = YES_ERROR;
				GCC_WARN_UNDECLARED_SELECTOR = YES;
				GCC_WARN_UNINITIALIZED_AUTOS = YES;
				GCC_WARN_UNUSED_FUNCTION = YES;
				GCC_WARN_UNUSED_VARIABLE = YES;
				IPHONEOS_DEPLOYMENT_TARGET = 7.0;
				SDKROOT = iphoneos;
				VALIDATE_PRODUCT = YES;
			};
			name = Release;
		};
		0B091E6818CF5E5800C93391 /* Debug */ = {
			isa = XCBuildConfiguration;
			buildSettings = {
				ASSETCATALOG_COMPILER_APPICON_NAME = AppIcon;
				ASSETCATALOG_COMPILER_LAUNCHIMAGE_NAME = LaunchImage;
				GCC_PRECOMPILE_PREFIX_HEADER = YES;
				GCC_PREFIX_HEADER = "KotsuhiCalculator/KotsuhiCalculator-Prefix.pch";
				INFOPLIST_FILE = "KotsuhiCalculator/KotsuhiCalculator-Info.plist";
				PRODUCT_NAME = "$(TARGET_NAME)";
				WRAPPER_EXTENSION = app;
			};
			name = Debug;
		};
		0B091E6918CF5E5800C93391 /* Release */ = {
			isa = XCBuildConfiguration;
			buildSettings = {
				ASSETCATALOG_COMPILER_APPICON_NAME = AppIcon;
				ASSETCATALOG_COMPILER_LAUNCHIMAGE_NAME = LaunchImage;
				GCC_PRECOMPILE_PREFIX_HEADER = YES;
				GCC_PREFIX_HEADER = "KotsuhiCalculator/KotsuhiCalculator-Prefix.pch";
				INFOPLIST_FILE = "KotsuhiCalculator/KotsuhiCalculator-Info.plist";
				PRODUCT_NAME = "$(TARGET_NAME)";
				WRAPPER_EXTENSION = app;
			};
			name = Release;
		};
		0B091E6B18CF5E5800C93391 /* Debug */ = {
			isa = XCBuildConfiguration;
			buildSettings = {
				ARCHS = "$(ARCHS_STANDARD_INCLUDING_64_BIT)";
				BUNDLE_LOADER = "$(BUILT_PRODUCTS_DIR)/KotsuhiCalculator.app/KotsuhiCalculator";
				FRAMEWORK_SEARCH_PATHS = (
					"$(SDKROOT)/Developer/Library/Frameworks",
					"$(inherited)",
					"$(DEVELOPER_FRAMEWORKS_DIR)",
				);
				GCC_PRECOMPILE_PREFIX_HEADER = YES;
				GCC_PREFIX_HEADER = "KotsuhiCalculator/KotsuhiCalculator-Prefix.pch";
				GCC_PREPROCESSOR_DEFINITIONS = (
					"DEBUG=1",
					"$(inherited)",
				);
				INFOPLIST_FILE = "KotsuhiCalculatorTests/KotsuhiCalculatorTests-Info.plist";
				PRODUCT_NAME = "$(TARGET_NAME)";
				TEST_HOST = "$(BUNDLE_LOADER)";
				WRAPPER_EXTENSION = xctest;
			};
			name = Debug;
		};
		0B091E6C18CF5E5800C93391 /* Release */ = {
			isa = XCBuildConfiguration;
			buildSettings = {
				ARCHS = "$(ARCHS_STANDARD_INCLUDING_64_BIT)";
				BUNDLE_LOADER = "$(BUILT_PRODUCTS_DIR)/KotsuhiCalculator.app/KotsuhiCalculator";
				FRAMEWORK_SEARCH_PATHS = (
					"$(SDKROOT)/Developer/Library/Frameworks",
					"$(inherited)",
					"$(DEVELOPER_FRAMEWORKS_DIR)",
				);
				GCC_PRECOMPILE_PREFIX_HEADER = YES;
				GCC_PREFIX_HEADER = "KotsuhiCalculator/KotsuhiCalculator-Prefix.pch";
				INFOPLIST_FILE = "KotsuhiCalculatorTests/KotsuhiCalculatorTests-Info.plist";
				PRODUCT_NAME = "$(TARGET_NAME)";
				TEST_HOST = "$(BUNDLE_LOADER)";
				WRAPPER_EXTENSION = xctest;
			};
			name = Release;
		};
/* End XCBuildConfiguration section */

/* Begin XCConfigurationList section */
		0B091E2D18CF5E5800C93391 /* Build configuration list for PBXProject "KotsuhiCalculator" */ = {
			isa = XCConfigurationList;
			buildConfigurations = (
				0B091E6518CF5E5800C93391 /* Debug */,
				0B091E6618CF5E5800C93391 /* Release */,
			);
			defaultConfigurationIsVisible = 0;
			defaultConfigurationName = Release;
		};
		0B091E6718CF5E5800C93391 /* Build configuration list for PBXNativeTarget "KotsuhiCalculator" */ = {
			isa = XCConfigurationList;
			buildConfigurations = (
				0B091E6818CF5E5800C93391 /* Debug */,
				0B091E6918CF5E5800C93391 /* Release */,
			);
			defaultConfigurationIsVisible = 0;
		};
		0B091E6A18CF5E5800C93391 /* Build configuration list for PBXNativeTarget "KotsuhiCalculatorTests" */ = {
			isa = XCConfigurationList;
			buildConfigurations = (
				0B091E6B18CF5E5800C93391 /* Debug */,
				0B091E6C18CF5E5800C93391 /* Release */,
			);
			defaultConfigurationIsVisible = 0;
		};
/* End XCConfigurationList section */
	};
	rootObject = 0B091E2A18CF5E5800C93391 /* Project object */;
}
